// !$*UTF8*$!
{
	archiveVersion = 1;
	classes = {
	};
	objectVersion = 77;
	objects = {

/* Begin PBXBuildFile section */
		A5E20E1E2CE3B17B00672FE8 /* RealityKitContent in Frameworks */ = {isa = PBXBuildFile; productRef = A5E20E1D2CE3B17B00672FE8 /* RealityKitContent */; };
/* End PBXBuildFile section */

/* Begin PBXContainerItemProxy section */
		A5E20E2E2CE3B17C00672FE8 /* PBXContainerItemProxy */ = {
			isa = PBXContainerItemProxy;
			containerPortal = A5E20E102CE3B17B00672FE8 /* Project object */;
			proxyType = 1;
			remoteGlobalIDString = A5E20E172CE3B17B00672FE8;
			remoteInfo = 3DImmersionVisionPro;
		};
/* End PBXContainerItemProxy section */

/* Begin PBXFileReference section */
		A5E20E182CE3B17B00672FE8 /* 3DImmersionVisionPro.app */ = {isa = PBXFileReference; explicitFileType = wrapper.application; includeInIndex = 0; path = 3DImmersionVisionPro.app; sourceTree = BUILT_PRODUCTS_DIR; };
		A5E20E1C2CE3B17B00672FE8 /* RealityKitContent */ = {isa = PBXFileReference; lastKnownFileType = wrapper; path = RealityKitContent; sourceTree = "<group>"; };
		A5E20E2D2CE3B17C00672FE8 /* 3DImmersionVisionProTests.xctest */ = {isa = PBXFileReference; explicitFileType = wrapper.cfbundle; includeInIndex = 0; path = 3DImmersionVisionProTests.xctest; sourceTree = BUILT_PRODUCTS_DIR; };
/* End PBXFileReference section */

/* Begin PBXFileSystemSynchronizedBuildFileExceptionSet section */
		A5E20E332CE3B17C00672FE8 /* Exceptions for "3DImmersionVisionPro" folder in "3DImmersionVisionPro" target */ = {
			isa = PBXFileSystemSynchronizedBuildFileExceptionSet;
			membershipExceptions = (
				Info.plist,
			);
			target = A5E20E172CE3B17B00672FE8 /* 3DImmersionVisionPro */;
		};
/* End PBXFileSystemSynchronizedBuildFileExceptionSet section */

/* Begin PBXFileSystemSynchronizedRootGroup section */
		A5E20E1A2CE3B17B00672FE8 /* 3DImmersionVisionPro */ = {
			isa = PBXFileSystemSynchronizedRootGroup;
			exceptions = (
				A5E20E332CE3B17C00672FE8 /* Exceptions for "3DImmersionVisionPro" folder in "3DImmersionVisionPro" target */,
			);
			path = 3DImmersionVisionPro;
			sourceTree = "<group>";
		};
		A5E20E302CE3B17C00672FE8 /* 3DImmersionVisionProTests */ = {
			isa = PBXFileSystemSynchronizedRootGroup;
			path = 3DImmersionVisionProTests;
			sourceTree = "<group>";
		};
/* End PBXFileSystemSynchronizedRootGroup section */

/* Begin PBXFrameworksBuildPhase section */
		A5E20E152CE3B17B00672FE8 /* Frameworks */ = {
			isa = PBXFrameworksBuildPhase;
			buildActionMask = 2147483647;
			files = (
				A5E20E1E2CE3B17B00672FE8 /* RealityKitContent in Frameworks */,
			);
			runOnlyForDeploymentPostprocessing = 0;
		};
		A5E20E2A2CE3B17C00672FE8 /* Frameworks */ = {
			isa = PBXFrameworksBuildPhase;
			buildActionMask = 2147483647;
			files = (
			);
			runOnlyForDeploymentPostprocessing = 0;
		};
/* End PBXFrameworksBuildPhase section */

/* Begin PBXGroup section */
		A5E20E0F2CE3B17B00672FE8 = {
			isa = PBXGroup;
			children = (
				A5E20E1A2CE3B17B00672FE8 /* 3DImmersionVisionPro */,
				A5E20E1B2CE3B17B00672FE8 /* Packages */,
				A5E20E302CE3B17C00672FE8 /* 3DImmersionVisionProTests */,
				A5E20E192CE3B17B00672FE8 /* Products */,
			);
			sourceTree = "<group>";
		};
		A5E20E192CE3B17B00672FE8 /* Products */ = {
			isa = PBXGroup;
			children = (
				A5E20E182CE3B17B00672FE8 /* 3DImmersionVisionPro.app */,
				A5E20E2D2CE3B17C00672FE8 /* 3DImmersionVisionProTests.xctest */,
			);
			name = Products;
			sourceTree = "<group>";
		};
		A5E20E1B2CE3B17B00672FE8 /* Packages */ = {
			isa = PBXGroup;
			children = (
				A5E20E1C2CE3B17B00672FE8 /* RealityKitContent */,
			);
			path = Packages;
			sourceTree = "<group>";
		};
/* End PBXGroup section */

/* Begin PBXNativeTarget section */
		A5E20E172CE3B17B00672FE8 /* 3DImmersionVisionPro */ = {
			isa = PBXNativeTarget;
			buildConfigurationList = A5E20E342CE3B17C00672FE8 /* Build configuration list for PBXNativeTarget "3DImmersionVisionPro" */;
			buildPhases = (
				A5E20E142CE3B17B00672FE8 /* Sources */,
				A5E20E152CE3B17B00672FE8 /* Frameworks */,
				A5E20E162CE3B17B00672FE8 /* Resources */,
			);
			buildRules = (
			);
			dependencies = (
			);
			fileSystemSynchronizedGroups = (
				A5E20E1A2CE3B17B00672FE8 /* 3DImmersionVisionPro */,
			);
			name = 3DImmersionVisionPro;
			packageProductDependencies = (
				A5E20E1D2CE3B17B00672FE8 /* RealityKitContent */,
			);
			productName = 3DImmersionVisionPro;
			productReference = A5E20E182CE3B17B00672FE8 /* 3DImmersionVisionPro.app */;
			productType = "com.apple.product-type.application";
		};
		A5E20E2C2CE3B17C00672FE8 /* 3DImmersionVisionProTests */ = {
			isa = PBXNativeTarget;
			buildConfigurationList = A5E20E392CE3B17C00672FE8 /* Build configuration list for PBXNativeTarget "3DImmersionVisionProTests" */;
			buildPhases = (
				A5E20E292CE3B17C00672FE8 /* Sources */,
				A5E20E2A2CE3B17C00672FE8 /* Frameworks */,
				A5E20E2B2CE3B17C00672FE8 /* Resources */,
			);
			buildRules = (
			);
			dependencies = (
				A5E20E2F2CE3B17C00672FE8 /* PBXTargetDependency */,
			);
			fileSystemSynchronizedGroups = (
				A5E20E302CE3B17C00672FE8 /* 3DImmersionVisionProTests */,
			);
			name = 3DImmersionVisionProTests;
			packageProductDependencies = (
			);
			productName = 3DImmersionVisionProTests;
			productReference = A5E20E2D2CE3B17C00672FE8 /* 3DImmersionVisionProTests.xctest */;
			productType = "com.apple.product-type.bundle.unit-test";
		};
/* End PBXNativeTarget section */

/* Begin PBXProject section */
		A5E20E102CE3B17B00672FE8 /* Project object */ = {
			isa = PBXProject;
			attributes = {
				BuildIndependentTargetsInParallel = 1;
				LastSwiftUpdateCheck = 1600;
				LastUpgradeCheck = 1600;
				TargetAttributes = {
					A5E20E172CE3B17B00672FE8 = {
						CreatedOnToolsVersion = 16.0;
					};
					A5E20E2C2CE3B17C00672FE8 = {
						CreatedOnToolsVersion = 16.0;
						TestTargetID = A5E20E172CE3B17B00672FE8;
					};
				};
			};
			buildConfigurationList = A5E20E132CE3B17B00672FE8 /* Build configuration list for PBXProject "3DImmersionVisionPro" */;
			developmentRegion = en;
			hasScannedForEncodings = 0;
			knownRegions = (
				en,
				Base,
			);
			mainGroup = A5E20E0F2CE3B17B00672FE8;
			minimizedProjectReferenceProxies = 1;
			preferredProjectObjectVersion = 77;
			productRefGroup = A5E20E192CE3B17B00672FE8 /* Products */;
			projectDirPath = "";
			projectRoot = "";
			targets = (
				A5E20E172CE3B17B00672FE8 /* 3DImmersionVisionPro */,
				A5E20E2C2CE3B17C00672FE8 /* 3DImmersionVisionProTests */,
			);
		};
/* End PBXProject section */

/* Begin PBXResourcesBuildPhase section */
		A5E20E162CE3B17B00672FE8 /* Resources */ = {
			isa = PBXResourcesBuildPhase;
			buildActionMask = 2147483647;
			files = (
			);
			runOnlyForDeploymentPostprocessing = 0;
		};
		A5E20E2B2CE3B17C00672FE8 /* Resources */ = {
			isa = PBXResourcesBuildPhase;
			buildActionMask = 2147483647;
			files = (
			);
			runOnlyForDeploymentPostprocessing = 0;
		};
/* End PBXResourcesBuildPhase section */

/* Begin PBXSourcesBuildPhase section */
		A5E20E142CE3B17B00672FE8 /* Sources */ = {
			isa = PBXSourcesBuildPhase;
			buildActionMask = 2147483647;
			files = (
			);
			runOnlyForDeploymentPostprocessing = 0;
		};
		A5E20E292CE3B17C00672FE8 /* Sources */ = {
			isa = PBXSourcesBuildPhase;
			buildActionMask = 2147483647;
			files = (
			);
			runOnlyForDeploymentPostprocessing = 0;
		};
/* End PBXSourcesBuildPhase section */

/* Begin PBXTargetDependency section */
		A5E20E2F2CE3B17C00672FE8 /* PBXTargetDependency */ = {
			isa = PBXTargetDependency;
			target = A5E20E172CE3B17B00672FE8 /* 3DImmersionVisionPro */;
			targetProxy = A5E20E2E2CE3B17C00672FE8 /* PBXContainerItemProxy */;
		};
/* End PBXTargetDependency section */

/* Begin XCBuildConfiguration section */
		A5E20E352CE3B17C00672FE8 /* Debug */ = {
			isa = XCBuildConfiguration;
			buildSettings = {
				ASSETCATALOG_COMPILER_APPICON_NAME = AppIcon;
				ASSETCATALOG_COMPILER_GLOBAL_ACCENT_COLOR_NAME = AccentColor;
				CODE_SIGN_STYLE = Automatic;
				CURRENT_PROJECT_VERSION = 1;
				DEVELOPMENT_ASSET_PATHS = "\"3DImmersionVisionPro/Preview Content\"";
				DEVELOPMENT_TEAM = 5V3G35B3TW;
				ENABLE_PREVIEWS = YES;
				GENERATE_INFOPLIST_FILE = YES;
				INFOPLIST_FILE = "$(TARGET_NAME)/Info.plist";
				LD_RUNPATH_SEARCH_PATHS = (
					"$(inherited)",
					"@executable_path/Frameworks",
				);
				MARKETING_VERSION = 1.0;
				PRODUCT_BUNDLE_IDENTIFIER = "com.Janzomon.-DImmersionVisionPro";
				PRODUCT_NAME = "$(TARGET_NAME)";
				SUPPORTED_PLATFORMS = "xros xrsimulator";
				SWIFT_EMIT_LOC_STRINGS = YES;
				SWIFT_VERSION = 5.0;
				TARGETED_DEVICE_FAMILY = 7;
			};
			name = Debug;
		};
		A5E20E362CE3B17C00672FE8 /* Release */ = {
			isa = XCBuildConfiguration;
			buildSettings = {
				ASSETCATALOG_COMPILER_APPICON_NAME = AppIcon;
				ASSETCATALOG_COMPILER_GLOBAL_ACCENT_COLOR_NAME = AccentColor;
				CODE_SIGN_STYLE = Automatic;
				CURRENT_PROJECT_VERSION = 1;
				DEVELOPMENT_ASSET_PATHS = "\"3DImmersionVisionPro/Preview Content\"";
				DEVELOPMENT_TEAM = 5V3G35B3TW;
				ENABLE_PREVIEWS = YES;
				GENERATE_INFOPLIST_FILE = YES;
				INFOPLIST_FILE = "$(TARGET_NAME)/Info.plist";
				LD_RUNPATH_SEARCH_PATHS = (
					"$(inherited)",
					"@executable_path/Frameworks",
				);
				MARKETING_VERSION = 1.0;
				PRODUCT_BUNDLE_IDENTIFIER = "com.Janzomon.-DImmersionVisionPro";
				PRODUCT_NAME = "$(TARGET_NAME)";
				SUPPORTED_PLATFORMS = "xros xrsimulator";
				SWIFT_EMIT_LOC_STRINGS = YES;
				SWIFT_VERSION = 5.0;
				TARGETED_DEVICE_FAMILY = 7;
			};
			name = Release;
		};
		A5E20E372CE3B17C00672FE8 /* Debug */ = {
			isa = XCBuildConfiguration;
			buildSettings = {
				ALWAYS_SEARCH_USER_PATHS = NO;
				ASSETCATALOG_COMPILER_GENERATE_SWIFT_ASSET_SYMBOL_EXTENSIONS = YES;
				CLANG_ANALYZER_NONNULL = YES;
				CLANG_ANALYZER_NUMBER_OBJECT_CONVERSION = YES_AGGRESSIVE;
				CLANG_CXX_LANGUAGE_STANDARD = "gnu++20";
				CLANG_ENABLE_MODULES = YES;
				CLANG_ENABLE_OBJC_ARC = YES;
				CLANG_ENABLE_OBJC_WEAK = YES;
				CLANG_WARN_BLOCK_CAPTURE_AUTORELEASING = YES;
				CLANG_WARN_BOOL_CONVERSION = YES;
				CLANG_WARN_COMMA = YES;
				CLANG_WARN_CONSTANT_CONVERSION = YES;
				CLANG_WARN_DEPRECATED_OBJC_IMPLEMENTATIONS = YES;
				CLANG_WARN_DIRECT_OBJC_ISA_USAGE = YES_ERROR;
				CLANG_WARN_DOCUMENTATION_COMMENTS = YES;
				CLANG_WARN_EMPTY_BODY = YES;
				CLANG_WARN_ENUM_CONVERSION = YES;
				CLANG_WARN_INFINITE_RECURSION = YES;
				CLANG_WARN_INT_CONVERSION = YES;
				CLANG_WARN_NON_LITERAL_NULL_CONVERSION = YES;
				CLANG_WARN_OBJC_IMPLICIT_RETAIN_SELF = YES;
				CLANG_WARN_OBJC_LITERAL_CONVERSION = YES;
				CLANG_WARN_OBJC_ROOT_CLASS = YES_ERROR;
				CLANG_WARN_QUOTED_INCLUDE_IN_FRAMEWORK_HEADER = YES;
				CLANG_WARN_RANGE_LOOP_ANALYSIS = YES;
				CLANG_WARN_STRICT_PROTOTYPES = YES;
				CLANG_WARN_SUSPICIOUS_MOVE = YES;
				CLANG_WARN_UNGUARDED_AVAILABILITY = YES_AGGRESSIVE;
				CLANG_WARN_UNREACHABLE_CODE = YES;
				CLANG_WARN__DUPLICATE_METHOD_MATCH = YES;
				COPY_PHASE_STRIP = NO;
				DEBUG_INFORMATION_FORMAT = dwarf;
				ENABLE_STRICT_OBJC_MSGSEND = YES;
				ENABLE_TESTABILITY = YES;
				ENABLE_USER_SCRIPT_SANDBOXING = YES;
				GCC_C_LANGUAGE_STANDARD = gnu17;
				GCC_DYNAMIC_NO_PIC = NO;
				GCC_NO_COMMON_BLOCKS = YES;
				GCC_OPTIMIZATION_LEVEL = 0;
				GCC_PREPROCESSOR_DEFINITIONS = (
					"DEBUG=1",
					"$(inherited)",
				);
				GCC_WARN_64_TO_32_BIT_CONVERSION = YES;
				GCC_WARN_ABOUT_RETURN_TYPE = YES_ERROR;
				GCC_WARN_UNDECLARED_SELECTOR = YES;
				GCC_WARN_UNINITIALIZED_AUTOS = YES_AGGRESSIVE;
				GCC_WARN_UNUSED_FUNCTION = YES;
				GCC_WARN_UNUSED_VARIABLE = YES;
				LOCALIZATION_PREFERS_STRING_CATALOGS = YES;
				MTL_ENABLE_DEBUG_INFO = INCLUDE_SOURCE;
				MTL_FAST_MATH = YES;
				ONLY_ACTIVE_ARCH = YES;
				SDKROOT = xros;
				SWIFT_ACTIVE_COMPILATION_CONDITIONS = "DEBUG $(inherited)";
				SWIFT_OPTIMIZATION_LEVEL = "-Onone";
				XROS_DEPLOYMENT_TARGET = 2.0;
			};
			name = Debug;
		};
		A5E20E382CE3B17C00672FE8 /* Release */ = {
			isa = XCBuildConfiguration;
			buildSettings = {
				ALWAYS_SEARCH_USER_PATHS = NO;
				ASSETCATALOG_COMPILER_GENERATE_SWIFT_ASSET_SYMBOL_EXTENSIONS = YES;
				CLANG_ANALYZER_NONNULL = YES;
				CLANG_ANALYZER_NUMBER_OBJECT_CONVERSION = YES_AGGRESSIVE;
				CLANG_CXX_LANGUAGE_STANDARD = "gnu++20";
				CLANG_ENABLE_MODULES = YES;
				CLANG_ENABLE_OBJC_ARC = YES;
				CLANG_ENABLE_OBJC_WEAK = YES;
				CLANG_WARN_BLOCK_CAPTURE_AUTORELEASING = YES;
				CLANG_WARN_BOOL_CONVERSION = YES;
				CLANG_WARN_COMMA = YES;
				CLANG_WARN_CONSTANT_CONVERSION = YES;
				CLANG_WARN_DEPRECATED_OBJC_IMPLEMENTATIONS = YES;
				CLANG_WARN_DIRECT_OBJC_ISA_USAGE = YES_ERROR;
				CLANG_WARN_DOCUMENTATION_COMMENTS = YES;
				CLANG_WARN_EMPTY_BODY = YES;
				CLANG_WARN_ENUM_CONVERSION = YES;
				CLANG_WARN_INFINITE_RECURSION = YES;
				CLANG_WARN_INT_CONVERSION = YES;
				CLANG_WARN_NON_LITERAL_NULL_CONVERSION = YES;
				CLANG_WARN_OBJC_IMPLICIT_RETAIN_SELF = YES;
				CLANG_WARN_OBJC_LITERAL_CONVERSION = YES;
				CLANG_WARN_OBJC_ROOT_CLASS = YES_ERROR;
				CLANG_WARN_QUOTED_INCLUDE_IN_FRAMEWORK_HEADER = YES;
				CLANG_WARN_RANGE_LOOP_ANALYSIS = YES;
				CLANG_WARN_STRICT_PROTOTYPES = YES;
				CLANG_WARN_SUSPICIOUS_MOVE = YES;
				CLANG_WARN_UNGUARDED_AVAILABILITY = YES_AGGRESSIVE;
				CLANG_WARN_UNREACHABLE_CODE = YES;
				CLANG_WARN__DUPLICATE_METHOD_MATCH = YES;
				COPY_PHASE_STRIP = NO;
				DEBUG_INFORMATION_FORMAT = "dwarf-with-dsym";
				ENABLE_NS_ASSERTIONS = NO;
				ENABLE_STRICT_OBJC_MSGSEND = YES;
				ENABLE_USER_SCRIPT_SANDBOXING = YES;
				GCC_C_LANGUAGE_STANDARD = gnu17;
				GCC_NO_COMMON_BLOCKS = YES;
				GCC_WARN_64_TO_32_BIT_CONVERSION = YES;
				GCC_WARN_ABOUT_RETURN_TYPE = YES_ERROR;
				GCC_WARN_UNDECLARED_SELECTOR = YES;
				GCC_WARN_UNINITIALIZED_AUTOS = YES_AGGRESSIVE;
				GCC_WARN_UNUSED_FUNCTION = YES;
				GCC_WARN_UNUSED_VARIABLE = YES;
				LOCALIZATION_PREFERS_STRING_CATALOGS = YES;
				MTL_ENABLE_DEBUG_INFO = NO;
				MTL_FAST_MATH = YES;
				SDKROOT = xros;
				SWIFT_COMPILATION_MODE = wholemodule;
				VALIDATE_PRODUCT = YES;
				XROS_DEPLOYMENT_TARGET = 2.0;
			};
			name = Release;
		};
		A5E20E3A2CE3B17C00672FE8 /* Debug */ = {
			isa = XCBuildConfiguration;
			buildSettings = {
				BUNDLE_LOADER = "$(TEST_HOST)";
				CODE_SIGN_STYLE = Automatic;
				CURRENT_PROJECT_VERSION = 1;
				DEVELOPMENT_TEAM = 5V3G35B3TW;
				GENERATE_INFOPLIST_FILE = YES;
				MARKETING_VERSION = 1.0;
				PRODUCT_BUNDLE_IDENTIFIER = "com.Janzomon.-DImmersionVisionProTests";
				PRODUCT_NAME = "$(TARGET_NAME)";
				SUPPORTED_PLATFORMS = "xros xrsimulator";
				SWIFT_EMIT_LOC_STRINGS = NO;
				SWIFT_VERSION = 5.0;
				TARGETED_DEVICE_FAMILY = 7;
				TEST_HOST = "$(BUILT_PRODUCTS_DIR)/3DImmersionVisionPro.app/$(BUNDLE_EXECUTABLE_FOLDER_PATH)/3DImmersionVisionPro";
				XROS_DEPLOYMENT_TARGET = 2.0;
			};
			name = Debug;
		};
		A5E20E3B2CE3B17C00672FE8 /* Release */ = {
			isa = XCBuildConfiguration;
			buildSettings = {
				BUNDLE_LOADER = "$(TEST_HOST)";
				CODE_SIGN_STYLE = Automatic;
				CURRENT_PROJECT_VERSION = 1;
				DEVELOPMENT_TEAM = 5V3G35B3TW;
				GENERATE_INFOPLIST_FILE = YES;
				MARKETING_VERSION = 1.0;
				PRODUCT_BUNDLE_IDENTIFIER = "com.Janzomon.-DImmersionVisionProTests";
				PRODUCT_NAME = "$(TARGET_NAME)";
				SUPPORTED_PLATFORMS = "xros xrsimulator";
				SWIFT_EMIT_LOC_STRINGS = NO;
				SWIFT_VERSION = 5.0;
				TARGETED_DEVICE_FAMILY = 7;
				TEST_HOST = "$(BUILT_PRODUCTS_DIR)/3DImmersionVisionPro.app/$(BUNDLE_EXECUTABLE_FOLDER_PATH)/3DImmersionVisionPro";
				XROS_DEPLOYMENT_TARGET = 2.0;
			};
			name = Release;
		};
/* End XCBuildConfiguration section */

/* Begin XCConfigurationList section */
		A5E20E132CE3B17B00672FE8 /* Build configuration list for PBXProject "3DImmersionVisionPro" */ = {
			isa = XCConfigurationList;
			buildConfigurations = (
				A5E20E372CE3B17C00672FE8 /* Debug */,
				A5E20E382CE3B17C00672FE8 /* Release */,
			);
			defaultConfigurationIsVisible = 0;
			defaultConfigurationName = Release;
		};
		A5E20E342CE3B17C00672FE8 /* Build configuration list for PBXNativeTarget "3DImmersionVisionPro" */ = {
			isa = XCConfigurationList;
			buildConfigurations = (
				A5E20E352CE3B17C00672FE8 /* Debug */,
				A5E20E362CE3B17C00672FE8 /* Release */,
			);
			defaultConfigurationIsVisible = 0;
			defaultConfigurationName = Release;
		};
		A5E20E392CE3B17C00672FE8 /* Build configuration list for PBXNativeTarget "3DImmersionVisionProTests" */ = {
			isa = XCConfigurationList;
			buildConfigurations = (
				A5E20E3A2CE3B17C00672FE8 /* Debug */,
				A5E20E3B2CE3B17C00672FE8 /* Release */,
			);
			defaultConfigurationIsVisible = 0;
			defaultConfigurationName = Release;
		};
/* End XCConfigurationList section */

/* Begin XCSwiftPackageProductDependency section */
		A5E20E1D2CE3B17B00672FE8 /* RealityKitContent */ = {
			isa = XCSwiftPackageProductDependency;
			productName = RealityKitContent;
		};
/* End XCSwiftPackageProductDependency section */
	};
	rootObject = A5E20E102CE3B17B00672FE8 /* Project object */;
}
